
Microsoft Visual Studio Solution File, Format Version 12.00
# Visual Studio 2013
VisualStudioVersion = 12.0.31101.0
MinimumVisualStudioVersion = 10.0.40219.1
Project("{FAE04EC0-301F-11D3-BF4B-00C04F79EFBC}") = "StringManipulation", "StringManipulation\StringManipulation.csproj", "{4783D11F-330B-401E-9E0F-68E7A7C47825}"
EndProject
Global
	GlobalSection(SolutionConfigurationPlatforms) = preSolution
		Debug|Any CPU = Debug|Any CPU
		Release|Any CPU = Release|Any CPU
	EndGlobalSection
	GlobalSection(ProjectConfigurationPlatforms) = postSolution
		{4783D11F-330B-401E-9E0F-68E7A7C47825}.Debug|Any CPU.ActiveCfg = Debug|Any CPU
		{4783D11F-330B-401E-9E0F-68E7A7C47825}.Debug|Any CPU.Build.0 = Debug|Any CPU
		{4783D11F-330B-401E-9E0F-68E7A7C47825}.Release|Any CPU.ActiveCfg = Release|Any CPU
		{4783D11F-330B-401E-9E0F-68E7A7C47825}.Release|Any CPU.Build.0 = Release|Any CPU
	EndGlobalSection
	GlobalSection(SolutionProperties) = preSolution
		HideSolutionNode = FALSE
	EndGlobalSection
EndGlobal
